
Microsoft Visual Studio Solution File, Format Version 12.00
# Visual Studio Version 17
VisualStudioVersion = 17.5.33209.295
MinimumVisualStudioVersion = 10.0.40219.1
Project("{FAE04EC0-301F-11D3-BF4B-00C04F79EFBC}") = "BabelDeobfuscator", "BabelDeobfuscator\BabelDeobfuscator.csproj", "{FB3CD345-3CFC-4B94-A401-6CB5E4D45DA9}"
EndProject
Global
	GlobalSection(SolutionConfigurationPlatforms) = preSolution
		Debug|Any CPU = Debug|Any CPU
		Release|Any CPU = Release|Any CPU
	EndGlobalSection
	GlobalSection(ProjectConfigurationPlatforms) = postSolution
		{FB3CD345-3CFC-4B94-A401-6CB5E4D45DA9}.Debug|Any CPU.ActiveCfg = Debug|Any CPU
		{FB3CD345-3CFC-4B94-A401-6CB5E4D45DA9}.Debug|Any CPU.Build.0 = Debug|Any CPU
		{FB3CD345-3CFC-4B94-A401-6CB5E4D45DA9}.Release|Any CPU.ActiveCfg = Release|Any CPU
		{FB3CD345-3CFC-4B94-A401-6CB5E4D45DA9}.Release|Any CPU.Build.0 = Release|Any CPU
	EndGlobalSection
	GlobalSection(SolutionProperties) = preSolution
		HideSolutionNode = FALSE
	EndGlobalSection
	GlobalSection(ExtensibilityGlobals) = postSolution
		SolutionGuid = {50A23926-B822-4C15-86E4-B7CFA6D950A9}
	EndGlobalSection
EndGlobal
